// !$*UTF8*$!
{
	archiveVersion = 1;
	classes = {
	};
	objectVersion = 46;
	objects = {

/* Begin PBXBuildFile section */
		3FDFD5241DDF60C300D6839F /* AppDelegate.swift in Sources */ = {isa = PBXBuildFile; fileRef = 3FDFD5231DDF60C300D6839F /* AppDelegate.swift */; };
		3FDFD5261DDF60C300D6839F /* ViewController.swift in Sources */ = {isa = PBXBuildFile; fileRef = 3FDFD5251DDF60C300D6839F /* ViewController.swift */; };
		3FDFD5291DDF60C300D6839F /* Main.storyboard in Resources */ = {isa = PBXBuildFile; fileRef = 3FDFD5271DDF60C300D6839F /* Main.storyboard */; };
		3FDFD52B1DDF60C300D6839F /* Assets.xcassets in Resources */ = {isa = PBXBuildFile; fileRef = 3FDFD52A1DDF60C300D6839F /* Assets.xcassets */; };
		3FDFD52E1DDF60C300D6839F /* LaunchScreen.storyboard in Resources */ = {isa = PBXBuildFile; fileRef = 3FDFD52C1DDF60C300D6839F /* LaunchScreen.storyboard */; };
		3FDFD5391DDF60C300D6839F /* TicTacToeTests.swift in Sources */ = {isa = PBXBuildFile; fileRef = 3FDFD5381DDF60C300D6839F /* TicTacToeTests.swift */; };
		3FDFD5441DDF60C300D6839F /* TicTacToeUITests.swift in Sources */ = {isa = PBXBuildFile; fileRef = 3FDFD5431DDF60C300D6839F /* TicTacToeUITests.swift */; };
		3FDFD5521DDF646400D6839F /* GridLabel.swift in Sources */ = {isa = PBXBuildFile; fileRef = 3FDFD5511DDF646400D6839F /* GridLabel.swift */; };
/* End PBXBuildFile section */

/* Begin PBXContainerItemProxy section */
		3FDFD5351DDF60C300D6839F /* PBXContainerItemProxy */ = {
			isa = PBXContainerItemProxy;
			containerPortal = 3FDFD5181DDF60C300D6839F /* Project object */;
			proxyType = 1;
			remoteGlobalIDString = 3FDFD51F1DDF60C300D6839F;
			remoteInfo = TicTacToe;
		};
		3FDFD5401DDF60C300D6839F /* PBXContainerItemProxy */ = {
			isa = PBXContainerItemProxy;
			containerPortal = 3FDFD5181DDF60C300D6839F /* Project object */;
			proxyType = 1;
			remoteGlobalIDString = 3FDFD51F1DDF60C300D6839F;
			remoteInfo = TicTacToe;
		};
/* End PBXContainerItemProxy section */

/* Begin PBXFileReference section */
		3FDFD5201DDF60C300D6839F /* TicTacToe.app */ = {isa = PBXFileReference; explicitFileType = wrapper.application; includeInIndex = 0; path = TicTacToe.app; sourceTree = BUILT_PRODUCTS_DIR; };
		3FDFD5231DDF60C300D6839F /* AppDelegate.swift */ = {isa = PBXFileReference; lastKnownFileType = sourcecode.swift; path = AppDelegate.swift; sourceTree = "<group>"; };
		3FDFD5251DDF60C300D6839F /* ViewController.swift */ = {isa = PBXFileReference; lastKnownFileType = sourcecode.swift; path = ViewController.swift; sourceTree = "<group>"; };
		3FDFD5281DDF60C300D6839F /* Base */ = {isa = PBXFileReference; lastKnownFileType = file.storyboard; name = Base; path = Base.lproj/Main.storyboard; sourceTree = "<group>"; };
		3FDFD52A1DDF60C300D6839F /* Assets.xcassets */ = {isa = PBXFileReference; lastKnownFileType = folder.assetcatalog; path = Assets.xcassets; sourceTree = "<group>"; };
		3FDFD52D1DDF60C300D6839F /* Base */ = {isa = PBXFileReference; lastKnownFileType = file.storyboard; name = Base; path = Base.lproj/LaunchScreen.storyboard; sourceTree = "<group>"; };
		3FDFD52F1DDF60C300D6839F /* Info.plist */ = {isa = PBXFileReference; lastKnownFileType = text.plist.xml; path = Info.plist; sourceTree = "<group>"; };
		3FDFD5341DDF60C300D6839F /* TicTacToeTests.xctest */ = {isa = PBXFileReference; explicitFileType = wrapper.cfbundle; includeInIndex = 0; path = TicTacToeTests.xctest; sourceTree = BUILT_PRODUCTS_DIR; };
		3FDFD5381DDF60C300D6839F /* TicTacToeTests.swift */ = {isa = PBXFileReference; lastKnownFileType = sourcecode.swift; path = TicTacToeTests.swift; sourceTree = "<group>"; };
		3FDFD53A1DDF60C300D6839F /* Info.plist */ = {isa = PBXFileReference; lastKnownFileType = text.plist.xml; path = Info.plist; sourceTree = "<group>"; };
		3FDFD53F1DDF60C300D6839F /* TicTacToeUITests.xctest */ = {isa = PBXFileReference; explicitFileType = wrapper.cfbundle; includeInIndex = 0; path = TicTacToeUITests.xctest; sourceTree = BUILT_PRODUCTS_DIR; };
		3FDFD5431DDF60C300D6839F /* TicTacToeUITests.swift */ = {isa = PBXFileReference; lastKnownFileType = sourcecode.swift; path = TicTacToeUITests.swift; sourceTree = "<group>"; };
		3FDFD5451DDF60C300D6839F /* Info.plist */ = {isa = PBXFileReference; lastKnownFileType = text.plist.xml; path = Info.plist; sourceTree = "<group>"; };
		3FDFD5511DDF646400D6839F /* GridLabel.swift */ = {isa = PBXFileReference; fileEncoding = 4; lastKnownFileType = sourcecode.swift; path = GridLabel.swift; sourceTree = "<group>"; };
/* End PBXFileReference section */

/* Begin PBXFrameworksBuildPhase section */
		3FDFD51D1DDF60C300D6839F /* Frameworks */ = {
			isa = PBXFrameworksBuildPhase;
			buildActionMask = 2147483647;
			files = (
			);
			runOnlyForDeploymentPostprocessing = 0;
		};
		3FDFD5311DDF60C300D6839F /* Frameworks */ = {
			isa = PBXFrameworksBuildPhase;
			buildActionMask = 2147483647;
			files = (
			);
			runOnlyForDeploymentPostprocessing = 0;
		};
		3FDFD53C1DDF60C300D6839F /* Frameworks */ = {
			isa = PBXFrameworksBuildPhase;
			buildActionMask = 2147483647;
			files = (
			);
			runOnlyForDeploymentPostprocessing = 0;
		};
/* End PBXFrameworksBuildPhase section */

/* Begin PBXGroup section */
		3FDFD5171DDF60C300D6839F = {
			isa = PBXGroup;
			children = (
				3FDFD5221DDF60C300D6839F /* TicTacToe */,
				3FDFD5371DDF60C300D6839F /* TicTacToeTests */,
				3FDFD5421DDF60C300D6839F /* TicTacToeUITests */,
				3FDFD5211DDF60C300D6839F /* Products */,
			);
			sourceTree = "<group>";
		};
		3FDFD5211DDF60C300D6839F /* Products */ = {
			isa = PBXGroup;
			children = (
				3FDFD5201DDF60C300D6839F /* TicTacToe.app */,
				3FDFD5341DDF60C300D6839F /* TicTacToeTests.xctest */,
				3FDFD53F1DDF60C300D6839F /* TicTacToeUITests.xctest */,
			);
			name = Products;
			sourceTree = "<group>";
		};
		3FDFD5221DDF60C300D6839F /* TicTacToe */ = {
			isa = PBXGroup;
			children = (
				3FDFD5231DDF60C300D6839F /* AppDelegate.swift */,
				3FDFD5251DDF60C300D6839F /* ViewController.swift */,
				3FDFD5271DDF60C300D6839F /* Main.storyboard */,
				3FDFD5511DDF646400D6839F /* GridLabel.swift */,
				3FDFD52A1DDF60C300D6839F /* Assets.xcassets */,
				3FDFD52C1DDF60C300D6839F /* LaunchScreen.storyboard */,
				3FDFD52F1DDF60C300D6839F /* Info.plist */,
			);
			path = TicTacToe;
			sourceTree = "<group>";
		};
		3FDFD5371DDF60C300D6839F /* TicTacToeTests */ = {
			isa = PBXGroup;
			children = (
				3FDFD5381DDF60C300D6839F /* TicTacToeTests.swift */,
				3FDFD53A1DDF60C300D6839F /* Info.plist */,
			);
			path = TicTacToeTests;
			sourceTree = "<group>";
		};
		3FDFD5421DDF60C300D6839F /* TicTacToeUITests */ = {
			isa = PBXGroup;
			children = (
				3FDFD5431DDF60C300D6839F /* TicTacToeUITests.swift */,
				3FDFD5451DDF60C300D6839F /* Info.plist */,
			);
			path = TicTacToeUITests;
			sourceTree = "<group>";
		};
/* End PBXGroup section */

/* Begin PBXNativeTarget section */
		3FDFD51F1DDF60C300D6839F /* TicTacToe */ = {
			isa = PBXNativeTarget;
			buildConfigurationList = 3FDFD5481DDF60C300D6839F /* Build configuration list for PBXNativeTarget "TicTacToe" */;
			buildPhases = (
				3FDFD51C1DDF60C300D6839F /* Sources */,
				3FDFD51D1DDF60C300D6839F /* Frameworks */,
				3FDFD51E1DDF60C300D6839F /* Resources */,
			);
			buildRules = (
			);
			dependencies = (
			);
			name = TicTacToe;
			productName = TicTacToe;
			productReference = 3FDFD5201DDF60C300D6839F /* TicTacToe.app */;
			productType = "com.apple.product-type.application";
		};
		3FDFD5331DDF60C300D6839F /* TicTacToeTests */ = {
			isa = PBXNativeTarget;
			buildConfigurationList = 3FDFD54B1DDF60C300D6839F /* Build configuration list for PBXNativeTarget "TicTacToeTests" */;
			buildPhases = (
				3FDFD5301DDF60C300D6839F /* Sources */,
				3FDFD5311DDF60C300D6839F /* Frameworks */,
				3FDFD5321DDF60C300D6839F /* Resources */,
			);
			buildRules = (
			);
			dependencies = (
				3FDFD5361DDF60C300D6839F /* PBXTargetDependency */,
			);
			name = TicTacToeTests;
			productName = TicTacToeTests;
			productReference = 3FDFD5341DDF60C300D6839F /* TicTacToeTests.xctest */;
			productType = "com.apple.product-type.bundle.unit-test";
		};
		3FDFD53E1DDF60C300D6839F /* TicTacToeUITests */ = {
			isa = PBXNativeTarget;
			buildConfigurationList = 3FDFD54E1DDF60C300D6839F /* Build configuration list for PBXNativeTarget "TicTacToeUITests" */;
			buildPhases = (
				3FDFD53B1DDF60C300D6839F /* Sources */,
				3FDFD53C1DDF60C300D6839F /* Frameworks */,
				3FDFD53D1DDF60C300D6839F /* Resources */,
			);
			buildRules = (
			);
			dependencies = (
				3FDFD5411DDF60C300D6839F /* PBXTargetDependency */,
			);
			name = TicTacToeUITests;
			productName = TicTacToeUITests;
			productReference = 3FDFD53F1DDF60C300D6839F /* TicTacToeUITests.xctest */;
			productType = "com.apple.product-type.bundle.ui-testing";
		};
/* End PBXNativeTarget section */

/* Begin PBXProject section */
		3FDFD5181DDF60C300D6839F /* Project object */ = {
			isa = PBXProject;
			attributes = {
				LastSwiftUpdateCheck = 0730;
				LastUpgradeCheck = 0730;
				ORGANIZATIONNAME = Student;
				TargetAttributes = {
					3FDFD51F1DDF60C300D6839F = {
						CreatedOnToolsVersion = 7.3.1;
						LastSwiftMigration = 0810;
					};
					3FDFD5331DDF60C300D6839F = {
						CreatedOnToolsVersion = 7.3.1;
						LastSwiftMigration = 0810;
						TestTargetID = 3FDFD51F1DDF60C300D6839F;
					};
					3FDFD53E1DDF60C300D6839F = {
						CreatedOnToolsVersion = 7.3.1;
						LastSwiftMigration = 0810;
						TestTargetID = 3FDFD51F1DDF60C300D6839F;
					};
				};
			};
			buildConfigurationList = 3FDFD51B1DDF60C300D6839F /* Build configuration list for PBXProject "TicTacToe" */;
			compatibilityVersion = "Xcode 3.2";
			developmentRegion = English;
			hasScannedForEncodings = 0;
			knownRegions = (
				en,
				Base,
			);
			mainGroup = 3FDFD5171DDF60C300D6839F;
			productRefGroup = 3FDFD5211DDF60C300D6839F /* Products */;
			projectDirPath = "";
			projectRoot = "";
			targets = (
				3FDFD51F1DDF60C300D6839F /* TicTacToe */,
				3FDFD5331DDF60C300D6839F /* TicTacToeTests */,
				3FDFD53E1DDF60C300D6839F /* TicTacToeUITests */,
			);
		};
/* End PBXProject section */

/* Begin PBXResourcesBuildPhase section */
		3FDFD51E1DDF60C300D6839F /* Resources */ = {
			isa = PBXResourcesBuildPhase;
			buildActionMask = 2147483647;
			files = (
				3FDFD52E1DDF60C300D6839F /* LaunchScreen.storyboard in Resources */,
				3FDFD52B1DDF60C300D6839F /* Assets.xcassets in Resources */,
				3FDFD5291DDF60C300D6839F /* Main.storyboard in Resources */,
			);
			runOnlyForDeploymentPostprocessing = 0;
		};
		3FDFD5321DDF60C300D6839F /* Resources */ = {
			isa = PBXResourcesBuildPhase;
			buildActionMask = 2147483647;
			files = (
			);
			runOnlyForDeploymentPostprocessing = 0;
		};
		3FDFD53D1DDF60C300D6839F /* Resources */ = {
			isa = PBXResourcesBuildPhase;
			buildActionMask = 2147483647;
			files = (
			);
			runOnlyForDeploymentPostprocessing = 0;
		};
/* End PBXResourcesBuildPhase section */

/* Begin PBXSourcesBuildPhase section */
		3FDFD51C1DDF60C300D6839F /* Sources */ = {
			isa = PBXSourcesBuildPhase;
			buildActionMask = 2147483647;
			files = (
				3FDFD5521DDF646400D6839F /* GridLabel.swift in Sources */,
				3FDFD5261DDF60C300D6839F /* ViewController.swift in Sources */,
				3FDFD5241DDF60C300D6839F /* AppDelegate.swift in Sources */,
			);
			runOnlyForDeploymentPostprocessing = 0;
		};
		3FDFD5301DDF60C300D6839F /* Sources */ = {
			isa = PBXSourcesBuildPhase;
			buildActionMask = 2147483647;
			files = (
				3FDFD5391DDF60C300D6839F /* TicTacToeTests.swift in Sources */,
			);
			runOnlyForDeploymentPostprocessing = 0;
		};
		3FDFD53B1DDF60C300D6839F /* Sources */ = {
			isa = PBXSourcesBuildPhase;
			buildActionMask = 2147483647;
			files = (
				3FDFD5441DDF60C300D6839F /* TicTacToeUITests.swift in Sources */,
			);
			runOnlyForDeploymentPostprocessing = 0;
		};
/* End PBXSourcesBuildPhase section */

/* Begin PBXTargetDependency section */
		3FDFD5361DDF60C300D6839F /* PBXTargetDependency */ = {
			isa = PBXTargetDependency;
			target = 3FDFD51F1DDF60C300D6839F /* TicTacToe */;
			targetProxy = 3FDFD5351DDF60C300D6839F /* PBXContainerItemProxy */;
		};
		3FDFD5411DDF60C300D6839F /* PBXTargetDependency */ = {
			isa = PBXTargetDependency;
			target = 3FDFD51F1DDF60C300D6839F /* TicTacToe */;
			targetProxy = 3FDFD5401DDF60C300D6839F /* PBXContainerItemProxy */;
		};
/* End PBXTargetDependency section */

/* Begin PBXVariantGroup section */
		3FDFD5271DDF60C300D6839F /* Main.storyboard */ = {
			isa = PBXVariantGroup;
			children = (
				3FDFD5281DDF60C300D6839F /* Base */,
			);
			name = Main.storyboard;
			sourceTree = "<group>";
		};
		3FDFD52C1DDF60C300D6839F /* LaunchScreen.storyboard */ = {
			isa = PBXVariantGroup;
			children = (
				3FDFD52D1DDF60C300D6839F /* Base */,
			);
			name = LaunchScreen.storyboard;
			sourceTree = "<group>";
		};
/* End PBXVariantGroup section */

/* Begin XCBuildConfiguration section */
		3FDFD5461DDF60C300D6839F /* Debug */ = {
			isa = XCBuildConfiguration;
			buildSettings = {
				ALWAYS_SEARCH_USER_PATHS = NO;
				CLANG_ANALYZER_NONNULL = YES;
				CLANG_CXX_LANGUAGE_STANDARD = "gnu++0x";
				CLANG_CXX_LIBRARY = "libc++";
				CLANG_ENABLE_MODULES = YES;
				CLANG_ENABLE_OBJC_ARC = YES;
				CLANG_WARN_BOOL_CONVERSION = YES;
				CLANG_WARN_CONSTANT_CONVERSION = YES;
				CLANG_WARN_DIRECT_OBJC_ISA_USAGE = YES_ERROR;
				CLANG_WARN_EMPTY_BODY = YES;
				CLANG_WARN_ENUM_CONVERSION = YES;
				CLANG_WARN_INT_CONVERSION = YES;
				CLANG_WARN_OBJC_ROOT_CLASS = YES_ERROR;
				CLANG_WARN_UNREACHABLE_CODE = YES;
				CLANG_WARN__DUPLICATE_METHOD_MATCH = YES;
				"CODE_SIGN_IDENTITY[sdk=iphoneos*]" = "iPhone Developer";
				COPY_PHASE_STRIP = NO;
				DEBUG_INFORMATION_FORMAT = dwarf;
				ENABLE_STRICT_OBJC_MSGSEND = YES;
				ENABLE_TESTABILITY = YES;
				GCC_C_LANGUAGE_STANDARD = gnu99;
				GCC_DYNAMIC_NO_PIC = NO;
				GCC_NO_COMMON_BLOCKS = YES;
				GCC_OPTIMIZATION_LEVEL = 0;
				GCC_PREPROCESSOR_DEFINITIONS = (
					"DEBUG=1",
					"$(inherited)",
				);
				GCC_WARN_64_TO_32_BIT_CONVERSION = YES;
				GCC_WARN_ABOUT_RETURN_TYPE = YES_ERROR;
				GCC_WARN_UNDECLARED_SELECTOR = YES;
				GCC_WARN_UNINITIALIZED_AUTOS = YES_AGGRESSIVE;
				GCC_WARN_UNUSED_FUNCTION = YES;
				GCC_WARN_UNUSED_VARIABLE = YES;
				IPHONEOS_DEPLOYMENT_TARGET = 9.3;
				MTL_ENABLE_DEBUG_INFO = YES;
				ONLY_ACTIVE_ARCH = YES;
				SDKROOT = iphoneos;
				SWIFT_OPTIMIZATION_LEVEL = "-Onone";
				TARGETED_DEVICE_FAMILY = "1,2";
			};
			name = Debug;
		};
		3FDFD5471DDF60C300D6839F /* Release */ = {
			isa = XCBuildConfiguration;
			buildSettings = {
				ALWAYS_SEARCH_USER_PATHS = NO;
				CLANG_ANALYZER_NONNULL = YES;
				CLANG_CXX_LANGUAGE_STANDARD = "gnu++0x";
				CLANG_CXX_LIBRARY = "libc++";
				CLANG_ENABLE_MODULES = YES;
				CLANG_ENABLE_OBJC_ARC = YES;
				CLANG_WARN_BOOL_CONVERSION = YES;
				CLANG_WARN_CONSTANT_CONVERSION = YES;
				CLANG_WARN_DIRECT_OBJC_ISA_USAGE = YES_ERROR;
				CLANG_WARN_EMPTY_BODY = YES;
				CLANG_WARN_ENUM_CONVERSION = YES;
				CLANG_WARN_INT_CONVERSION = YES;
				CLANG_WARN_OBJC_ROOT_CLASS = YES_ERROR;
				CLANG_WARN_UNREACHABLE_CODE = YES;
				CLANG_WARN__DUPLICATE_METHOD_MATCH = YES;
				"CODE_SIGN_IDENTITY[sdk=iphoneos*]" = "iPhone Developer";
				COPY_PHASE_STRIP = NO;
				DEBUG_INFORMATION_FORMAT = "dwarf-with-dsym";
				ENABLE_NS_ASSERTIONS = NO;
				ENABLE_STRICT_OBJC_MSGSEND = YES;
				GCC_C_LANGUAGE_STANDARD = gnu99;
				GCC_NO_COMMON_BLOCKS = YES;
				GCC_WARN_64_TO_32_BIT_CONVERSION = YES;
				GCC_WARN_ABOUT_RETURN_TYPE = YES_ERROR;
				GCC_WARN_UNDECLARED_SELECTOR = YES;
				GCC_WARN_UNINITIALIZED_AUTOS = YES_AGGRESSIVE;
				GCC_WARN_UNUSED_FUNCTION = YES;
				GCC_WARN_UNUSED_VARIABLE = YES;
				IPHONEOS_DEPLOYMENT_TARGET = 9.3;
				MTL_ENABLE_DEBUG_INFO = NO;
				SDKROOT = iphoneos;
				TARGETED_DEVICE_FAMILY = "1,2";
				VALIDATE_PRODUCT = YES;
			};
			name = Release;
		};
		3FDFD5491DDF60C300D6839F /* Debug */ = {
			isa = XCBuildConfiguration;
			buildSettings = {
				ASSETCATALOG_COMPILER_APPICON_NAME = AppIcon;
				INFOPLIST_FILE = TicTacToe/Info.plist;
				LD_RUNPATH_SEARCH_PATHS = "$(inherited) @executable_path/Frameworks";
				PRODUCT_BUNDLE_IDENTIFIER = BHS.TicTacToe;
				PRODUCT_NAME = "$(TARGET_NAME)";
				SWIFT_VERSION = 3.0;
			};
			name = Debug;
		};
		3FDFD54A1DDF60C300D6839F /* Release */ = {
			isa = XCBuildConfiguration;
			buildSettings = {
				ASSETCATALOG_COMPILER_APPICON_NAME = AppIcon;
				INFOPLIST_FILE = TicTacToe/Info.plist;
				LD_RUNPATH_SEARCH_PATHS = "$(inherited) @executable_path/Frameworks";
				PRODUCT_BUNDLE_IDENTIFIER = BHS.TicTacToe;
				PRODUCT_NAME = "$(TARGET_NAME)";
				SWIFT_VERSION = 3.0;
			};
			name = Release;
		};
		3FDFD54C1DDF60C300D6839F /* Debug */ = {
			isa = XCBuildConfiguration;
			buildSettings = {
				BUNDLE_LOADER = "$(TEST_HOST)";
				INFOPLIST_FILE = TicTacToeTests/Info.plist;
				LD_RUNPATH_SEARCH_PATHS = "$(inherited) @executable_path/Frameworks @loader_path/Frameworks";
				PRODUCT_BUNDLE_IDENTIFIER = BHS.TicTacToeTests;
				PRODUCT_NAME = "$(TARGET_NAME)";
				SWIFT_VERSION = 3.0;
				TEST_HOST = "$(BUILT_PRODUCTS_DIR)/TicTacToe.app/TicTacToe";
			};
			name = Debug;
		};
		3FDFD54D1DDF60C300D6839F /* Release */ = {
			isa = XCBuildConfiguration;
			buildSettings = {
				BUNDLE_LOADER = "$(TEST_HOST)";
				INFOPLIST_FILE = TicTacToeTests/Info.plist;
				LD_RUNPATH_SEARCH_PATHS = "$(inherited) @executable_path/Frameworks @loader_path/Frameworks";
				PRODUCT_BUNDLE_IDENTIFIER = BHS.TicTacToeTests;
				PRODUCT_NAME = "$(TARGET_NAME)";
				SWIFT_VERSION = 3.0;
				TEST_HOST = "$(BUILT_PRODUCTS_DIR)/TicTacToe.app/TicTacToe";
			};
			name = Release;
		};
		3FDFD54F1DDF60C300D6839F /* Debug */ = {
			isa = XCBuildConfiguration;
			buildSettings = {
				INFOPLIST_FILE = TicTacToeUITests/Info.plist;
				LD_RUNPATH_SEARCH_PATHS = "$(inherited) @executable_path/Frameworks @loader_path/Frameworks";
				PRODUCT_BUNDLE_IDENTIFIER = BHS.TicTacToeUITests;
				PRODUCT_NAME = "$(TARGET_NAME)";
				SWIFT_VERSION = 3.0;
				TEST_TARGET_NAME = TicTacToe;
			};
			name = Debug;
		};
		3FDFD5501DDF60C300D6839F /* Release */ = {
			isa = XCBuildConfiguration;
			buildSettings = {
				INFOPLIST_FILE = TicTacToeUITests/Info.plist;
				LD_RUNPATH_SEARCH_PATHS = "$(inherited) @executable_path/Frameworks @loader_path/Frameworks";
				PRODUCT_BUNDLE_IDENTIFIER = BHS.TicTacToeUITests;
				PRODUCT_NAME = "$(TARGET_NAME)";
				SWIFT_VERSION = 3.0;
				TEST_TARGET_NAME = TicTacToe;
			};
			name = Release;
		};
/* End XCBuildConfiguration section */

/* Begin XCConfigurationList section */
		3FDFD51B1DDF60C300D6839F /* Build configuration list for PBXProject "TicTacToe" */ = {
			isa = XCConfigurationList;
			buildConfigurations = (
				3FDFD5461DDF60C300D6839F /* Debug */,
				3FDFD5471DDF60C300D6839F /* Release */,
			);
			defaultConfigurationIsVisible = 0;
			defaultConfigurationName = Release;
		};
		3FDFD5481DDF60C300D6839F /* Build configuration list for PBXNativeTarget "TicTacToe" */ = {
			isa = XCConfigurationList;
			buildConfigurations = (
				3FDFD5491DDF60C300D6839F /* Debug */,
				3FDFD54A1DDF60C300D6839F /* Release */,
			);
			defaultConfigurationIsVisible = 0;
			defaultConfigurationName = Release;
		};
		3FDFD54B1DDF60C300D6839F /* Build configuration list for PBXNativeTarget "TicTacToeTests" */ = {
			isa = XCConfigurationList;
			buildConfigurations = (
				3FDFD54C1DDF60C300D6839F /* Debug */,
				3FDFD54D1DDF60C300D6839F /* Release */,
			);
			defaultConfigurationIsVisible = 0;
			defaultConfigurationName = Release;
		};
		3FDFD54E1DDF60C300D6839F /* Build configuration list for PBXNativeTarget "TicTacToeUITests" */ = {
			isa = XCConfigurationList;
			buildConfigurations = (
				3FDFD54F1DDF60C300D6839F /* Debug */,
				3FDFD5501DDF60C300D6839F /* Release */,
			);
			defaultConfigurationIsVisible = 0;
			defaultConfigurationName = Release;
		};
/* End XCConfigurationList section */
	};
	rootObject = 3FDFD5181DDF60C300D6839F /* Project object */;
}
